
Microsoft Visual Studio Solution File, Format Version 12.00
# Visual Studio Version 17
VisualStudioVersion = 17.5.33516.290
MinimumVisualStudioVersion = 10.0.40219.1
Project("{FAE04EC0-301F-11D3-BF4B-00C04F79EFBC}") = "AracKiralamaSistemi", "AracKiralamaSistemi\AracKiralamaSistemi.csproj", "{F5482249-3C48-4799-B00B-BA035ACB5009}"
EndProject
Project("{54435603-DBB4-11D2-8724-00A0C9A8B90C}") = "AracKiralamaSistemiKurulumDosyaları", "..\AracKiralamaSistemiKurulumDosyaları\AracKiralamaSistemiKurulumDosyaları.vdproj", "{7844AE13-F72D-4619-82BD-2531BA643E30}"
EndProject
Global
	GlobalSection(SolutionConfigurationPlatforms) = preSolution
		Debug|Any CPU = Debug|Any CPU
		Release|Any CPU = Release|Any CPU
	EndGlobalSection
	GlobalSection(ProjectConfigurationPlatforms) = postSolution
		{F5482249-3C48-4799-B00B-BA035ACB5009}.Debug|Any CPU.ActiveCfg = Debug|Any CPU
		{F5482249-3C48-4799-B00B-BA035ACB5009}.Debug|Any CPU.Build.0 = Debug|Any CPU
		{F5482249-3C48-4799-B00B-BA035ACB5009}.Release|Any CPU.ActiveCfg = Release|Any CPU
		{F5482249-3C48-4799-B00B-BA035ACB5009}.Release|Any CPU.Build.0 = Release|Any CPU
		{7844AE13-F72D-4619-82BD-2531BA643E30}.Debug|Any CPU.ActiveCfg = Debug
		{7844AE13-F72D-4619-82BD-2531BA643E30}.Release|Any CPU.ActiveCfg = Release
	EndGlobalSection
	GlobalSection(SolutionProperties) = preSolution
		HideSolutionNode = FALSE
	EndGlobalSection
	GlobalSection(ExtensibilityGlobals) = postSolution
		SolutionGuid = {D6DF5FD6-6530-4E5E-93D7-1EA52BE36191}
	EndGlobalSection
EndGlobal
